
Microsoft Visual Studio Solution File, Format Version 10.00
# Visual Studio 2008
Project("{8BC9CEB8-8B4A-11D0-8D11-00A0C91BC942}") = "client", "client.vcproj", "{26FD9AA5-7B31-4929-826A-A54FD34FA2AD}"
EndProject
Project("{8BC9CEB8-8B4A-11D0-8D11-00A0C91BC942}") = "demo", "..\demo\demo.vcproj", "{00DF432D-393B-404A-A222-19A47D298189}"
	ProjectSection(ProjectDependencies) = postProject
		{26FD9AA5-7B31-4929-826A-A54FD34FA2AD} = {26FD9AA5-7B31-4929-826A-A54FD34FA2AD}
	EndProjectSection
EndProject
Global
	GlobalSection(SolutionConfigurationPlatforms) = preSolution
		Debug|Win32 = Debug|Win32
		Release|Win32 = Release|Win32
	EndGlobalSection
	GlobalSection(ProjectConfigurationPlatforms) = postSolution
		{26FD9AA5-7B31-4929-826A-A54FD34FA2AD}.Debug|Win32.ActiveCfg = Debug|Win32
		{26FD9AA5-7B31-4929-826A-A54FD34FA2AD}.Debug|Win32.Build.0 = Debug|Win32
		{26FD9AA5-7B31-4929-826A-A54FD34FA2AD}.Release|Win32.ActiveCfg = Release|Win32
		{26FD9AA5-7B31-4929-826A-A54FD34FA2AD}.Release|Win32.Build.0 = Release|Win32
		{00DF432D-393B-404A-A222-19A47D298189}.Debug|Win32.ActiveCfg = Debug|Win32
		{00DF432D-393B-404A-A222-19A47D298189}.Debug|Win32.Build.0 = Debug|Win32
		{00DF432D-393B-404A-A222-19A47D298189}.Release|Win32.ActiveCfg = Release|Win32
		{00DF432D-393B-404A-A222-19A47D298189}.Release|Win32.Build.0 = Release|Win32
	EndGlobalSection
	GlobalSection(SolutionProperties) = preSolution
		HideSolutionNode = FALSE
	EndGlobalSection
EndGlobal
